{
  "requires": true,
  "lockfileVersion": 1,
  "dependencies": {
    "angular-bootstrap-colorpicker": {
      "version": "3.0.32",
      "resolved": "https://registry.npmjs.org/angular-bootstrap-colorpicker/-/angular-bootstrap-colorpicker-3.0.32.tgz",
      "integrity": "sha512-5BRShlkKStFxnEz/hgvY9edlmRY2KJiIfDTt+nNT0jkM5PMe4qmDuARtaw73TjIKZyjUvjXv9yzheWvqDYcfEQ=="
    }
  }
}
